// !$*UTF8*$!
{
	archiveVersion = 1;
	classes = {
	};
	objectVersion = 50;
	objects = {

/* Begin PBXBuildFile section */
		A751EA3E222E7E8800ED052B /* AppDelegate.swift in Sources */ = {isa = PBXBuildFile; fileRef = A751EA3D222E7E8800ED052B /* AppDelegate.swift */; };
		A751EA40222E7E8800ED052B /* ViewController.swift in Sources */ = {isa = PBXBuildFile; fileRef = A751EA3F222E7E8800ED052B /* ViewController.swift */; };
		A751EA43222E7E8800ED052B /* Main.storyboard in Resources */ = {isa = PBXBuildFile; fileRef = A751EA41222E7E8800ED052B /* Main.storyboard */; };
		A751EA46222E7E8800ED052B /* Take_Notes.xcdatamodeld in Sources */ = {isa = PBXBuildFile; fileRef = A751EA44222E7E8800ED052B /* Take_Notes.xcdatamodeld */; };
		A751EA48222E7E9100ED052B /* Assets.xcassets in Resources */ = {isa = PBXBuildFile; fileRef = A751EA47222E7E9100ED052B /* Assets.xcassets */; };
		A751EA4B222E7E9100ED052B /* LaunchScreen.storyboard in Resources */ = {isa = PBXBuildFile; fileRef = A751EA49222E7E9100ED052B /* LaunchScreen.storyboard */; };
/* End PBXBuildFile section */

/* Begin PBXFileReference section */
		A751EA3A222E7E8800ED052B /* Take Notes.app */ = {isa = PBXFileReference; explicitFileType = wrapper.application; includeInIndex = 0; path = "Take Notes.app"; sourceTree = BUILT_PRODUCTS_DIR; };
		A751EA3D222E7E8800ED052B /* AppDelegate.swift */ = {isa = PBXFileReference; lastKnownFileType = sourcecode.swift; path = AppDelegate.swift; sourceTree = "<group>"; };
		A751EA3F222E7E8800ED052B /* ViewController.swift */ = {isa = PBXFileReference; lastKnownFileType = sourcecode.swift; path = ViewController.swift; sourceTree = "<group>"; };
		A751EA42222E7E8800ED052B /* Base */ = {isa = PBXFileReference; lastKnownFileType = file.storyboard; name = Base; path = Base.lproj/Main.storyboard; sourceTree = "<group>"; };
		A751EA45222E7E8800ED052B /* Take_Notes.xcdatamodel */ = {isa = PBXFileReference; lastKnownFileType = wrapper.xcdatamodel; path = Take_Notes.xcdatamodel; sourceTree = "<group>"; };
		A751EA47222E7E9100ED052B /* Assets.xcassets */ = {isa = PBXFileReference; lastKnownFileType = folder.assetcatalog; path = Assets.xcassets; sourceTree = "<group>"; };
		A751EA4A222E7E9100ED052B /* Base */ = {isa = PBXFileReference; lastKnownFileType = file.storyboard; name = Base; path = Base.lproj/LaunchScreen.storyboard; sourceTree = "<group>"; };
		A751EA4C222E7E9100ED052B /* Info.plist */ = {isa = PBXFileReference; lastKnownFileType = text.plist.xml; path = Info.plist; sourceTree = "<group>"; };
/* End PBXFileReference section */

/* Begin PBXFrameworksBuildPhase section */
		A751EA37222E7E8800ED052B /* Frameworks */ = {
			isa = PBXFrameworksBuildPhase;
			buildActionMask = 2147483647;
			files = (
			);
			runOnlyForDeploymentPostprocessing = 0;
		};
/* End PBXFrameworksBuildPhase section */

/* Begin PBXGroup section */
		A751EA31222E7E8700ED052B = {
			isa = PBXGroup;
			children = (
				A751EA3C222E7E8800ED052B /* Take Notes */,
				A751EA3B222E7E8800ED052B /* Products */,
			);
			sourceTree = "<group>";
		};
		A751EA3B222E7E8800ED052B /* Products */ = {
			isa = PBXGroup;
			children = (
				A751EA3A222E7E8800ED052B /* Take Notes.app */,
			);
			name = Products;
			sourceTree = "<group>";
		};
		A751EA3C222E7E8800ED052B /* Take Notes */ = {
			isa = PBXGroup;
			children = (
				A751EA3D222E7E8800ED052B /* AppDelegate.swift */,
				A751EA3F222E7E8800ED052B /* ViewController.swift */,
				A751EA41222E7E8800ED052B /* Main.storyboard */,
				A751EA47222E7E9100ED052B /* Assets.xcassets */,
				A751EA49222E7E9100ED052B /* LaunchScreen.storyboard */,
				A751EA4C222E7E9100ED052B /* Info.plist */,
				A751EA44222E7E8800ED052B /* Take_Notes.xcdatamodeld */,
			);
			path = "Take Notes";
			sourceTree = "<group>";
		};
/* End PBXGroup section */

/* Begin PBXNativeTarget section */
		A751EA39222E7E8800ED052B /* Take Notes */ = {
			isa = PBXNativeTarget;
			buildConfigurationList = A751EA4F222E7E9100ED052B /* Build configuration list for PBXNativeTarget "Take Notes" */;
			buildPhases = (
				A751EA36222E7E8800ED052B /* Sources */,
				A751EA37222E7E8800ED052B /* Frameworks */,
				A751EA38222E7E8800ED052B /* Resources */,
			);
			buildRules = (
			);
			dependencies = (
			);
			name = "Take Notes";
			productName = "Take Notes";
			productReference = A751EA3A222E7E8800ED052B /* Take Notes.app */;
			productType = "com.apple.product-type.application";
		};
/* End PBXNativeTarget section */

/* Begin PBXProject section */
		A751EA32222E7E8800ED052B /* Project object */ = {
			isa = PBXProject;
			attributes = {
				LastSwiftUpdateCheck = 1000;
				LastUpgradeCheck = 1000;
				ORGANIZATIONNAME = "Peter Oriola";
				TargetAttributes = {
					A751EA39222E7E8800ED052B = {
						CreatedOnToolsVersion = 10.0;
					};
				};
			};
			buildConfigurationList = A751EA35222E7E8800ED052B /* Build configuration list for PBXProject "Take Notes" */;
			compatibilityVersion = "Xcode 9.3";
			developmentRegion = en;
			hasScannedForEncodings = 0;
			knownRegions = (
				en,
				Base,
			);
			mainGroup = A751EA31222E7E8700ED052B;
			productRefGroup = A751EA3B222E7E8800ED052B /* Products */;
			projectDirPath = "";
			projectRoot = "";
			targets = (
				A751EA39222E7E8800ED052B /* Take Notes */,
			);
		};
/* End PBXProject section */

/* Begin PBXResourcesBuildPhase section */
		A751EA38222E7E8800ED052B /* Resources */ = {
			isa = PBXResourcesBuildPhase;
			buildActionMask = 2147483647;
			files = (
				A751EA4B222E7E9100ED052B /* LaunchScreen.storyboard in Resources */,
				A751EA48222E7E9100ED052B /* Assets.xcassets in Resources */,
				A751EA43222E7E8800ED052B /* Main.storyboard in Resources */,
			);
			runOnlyForDeploymentPostprocessing = 0;
		};
/* End PBXResourcesBuildPhase section */

/* Begin PBXSourcesBuildPhase section */
		A751EA36222E7E8800ED052B /* Sources */ = {
			isa = PBXSourcesBuildPhase;
			buildActionMask = 2147483647;
			files = (
				A751EA40222E7E8800ED052B /* ViewController.swift in Sources */,
				A751EA3E222E7E8800ED052B /* AppDelegate.swift in Sources */,
				A751EA46222E7E8800ED052B /* Take_Notes.xcdatamodeld in Sources */,
			);
			runOnlyForDeploymentPostprocessing = 0;
		};
/* End PBXSourcesBuildPhase section */

/* Begin PBXVariantGroup section */
		A751EA41222E7E8800ED052B /* Main.storyboard */ = {
			isa = PBXVariantGroup;
			children = (
				A751EA42222E7E8800ED052B /* Base */,
			);
			name = Main.storyboard;
			sourceTree = "<group>";
		};
		A751EA49222E7E9100ED052B /* LaunchScreen.storyboard */ = {
			isa = PBXVariantGroup;
			children = (
				A751EA4A222E7E9100ED052B /* Base */,
			);
			name = LaunchScreen.storyboard;
			sourceTree = "<group>";
		};
/* End PBXVariantGroup section */

/* Begin XCBuildConfiguration section */
		A751EA4D222E7E9100ED052B /* Debug */ = {
			isa = XCBuildConfiguration;
			buildSettings = {
				ALWAYS_SEARCH_USER_PATHS = NO;
				CLANG_ANALYZER_NONNULL = YES;
				CLANG_ANALYZER_NUMBER_OBJECT_CONVERSION = YES_AGGRESSIVE;
				CLANG_CXX_LANGUAGE_STANDARD = "gnu++14";
				CLANG_CXX_LIBRARY = "libc++";
				CLANG_ENABLE_MODULES = YES;
				CLANG_ENABLE_OBJC_ARC = YES;
				CLANG_ENABLE_OBJC_WEAK = YES;
				CLANG_WARN_BLOCK_CAPTURE_AUTORELEASING = YES;
				CLANG_WARN_BOOL_CONVERSION = YES;
				CLANG_WARN_COMMA = YES;
				CLANG_WARN_CONSTANT_CONVERSION = YES;
				CLANG_WARN_DEPRECATED_OBJC_IMPLEMENTATIONS = YES;
				CLANG_WARN_DIRECT_OBJC_ISA_USAGE = YES_ERROR;
				CLANG_WARN_DOCUMENTATION_COMMENTS = YES;
				CLANG_WARN_EMPTY_BODY = YES;
				CLANG_WARN_ENUM_CONVERSION = YES;
				CLANG_WARN_INFINITE_RECURSION = YES;
				CLANG_WARN_INT_CONVERSION = YES;
				CLANG_WARN_NON_LITERAL_NULL_CONVERSION = YES;
				CLANG_WARN_OBJC_IMPLICIT_RETAIN_SELF = YES;
				CLANG_WARN_OBJC_LITERAL_CONVERSION = YES;
				CLANG_WARN_OBJC_ROOT_CLASS = YES_ERROR;
				CLANG_WARN_RANGE_LOOP_ANALYSIS = YES;
				CLANG_WARN_STRICT_PROTOTYPES = YES;
				CLANG_WARN_SUSPICIOUS_MOVE = YES;
				CLANG_WARN_UNGUARDED_AVAILABILITY = YES_AGGRESSIVE;
				CLANG_WARN_UNREACHABLE_CODE = YES;
				CLANG_WARN__DUPLICATE_METHOD_MATCH = YES;
				CODE_SIGN_IDENTITY = "iPhone Developer";
				COPY_PHASE_STRIP = NO;
				DEBUG_INFORMATION_FORMAT = dwarf;
				ENABLE_STRICT_OBJC_MSGSEND = YES;
				ENABLE_TESTABILITY = YES;
				GCC_C_LANGUAGE_STANDARD = gnu11;
				GCC_DYNAMIC_NO_PIC = NO;
				GCC_NO_COMMON_BLOCKS = YES;
				GCC_OPTIMIZATION_LEVEL = 0;
				GCC_PREPROCESSOR_DEFINITIONS = (
					"DEBUG=1",
					"$(inherited)",
				);
				GCC_WARN_64_TO_32_BIT_CONVERSION = YES;
				GCC_WARN_ABOUT_RETURN_TYPE = YES_ERROR;
				GCC_WARN_UNDECLARED_SELECTOR = YES;
				GCC_WARN_UNINITIALIZED_AUTOS = YES_AGGRESSIVE;
				GCC_WARN_UNUSED_FUNCTION = YES;
				GCC_WARN_UNUSED_VARIABLE = YES;
				IPHONEOS_DEPLOYMENT_TARGET = 12.0;
				MTL_ENABLE_DEBUG_INFO = INCLUDE_SOURCE;
				MTL_FAST_MATH = YES;
				ONLY_ACTIVE_ARCH = YES;
				SDKROOT = iphoneos;
				SWIFT_ACTIVE_COMPILATION_CONDITIONS = DEBUG;
				SWIFT_OPTIMIZATION_LEVEL = "-Onone";
			};
			name = Debug;
		};
		A751EA4E222E7E9100ED052B /* Release */ = {
			isa = XCBuildConfiguration;
			buildSettings = {
				ALWAYS_SEARCH_USER_PATHS = NO;
				CLANG_ANALYZER_NONNULL = YES;
				CLANG_ANALYZER_NUMBER_OBJECT_CONVERSION = YES_AGGRESSIVE;
				CLANG_CXX_LANGUAGE_STANDARD = "gnu++14";
				CLANG_CXX_LIBRARY = "libc++";
				CLANG_ENABLE_MODULES = YES;
				CLANG_ENABLE_OBJC_ARC = YES;
				CLANG_ENABLE_OBJC_WEAK = YES;
				CLANG_WARN_BLOCK_CAPTURE_AUTORELEASING = YES;
				CLANG_WARN_BOOL_CONVERSION = YES;
				CLANG_WARN_COMMA = YES;
				CLANG_WARN_CONSTANT_CONVERSION = YES;
				CLANG_WARN_DEPRECATED_OBJC_IMPLEMENTATIONS = YES;
				CLANG_WARN_DIRECT_OBJC_ISA_USAGE = YES_ERROR;
				CLANG_WARN_DOCUMENTATION_COMMENTS = YES;
				CLANG_WARN_EMPTY_BODY = YES;
				CLANG_WARN_ENUM_CONVERSION = YES;
				CLANG_WARN_INFINITE_RECURSION = YES;
				CLANG_WARN_INT_CONVERSION = YES;
				CLANG_WARN_NON_LITERAL_NULL_CONVERSION = YES;
				CLANG_WARN_OBJC_IMPLICIT_RETAIN_SELF = YES;
				CLANG_WARN_OBJC_LITERAL_CONVERSION = YES;
				CLANG_WARN_OBJC_ROOT_CLASS = YES_ERROR;
				CLANG_WARN_RANGE_LOOP_ANALYSIS = YES;
				CLANG_WARN_STRICT_PROTOTYPES = YES;
				CLANG_WARN_SUSPICIOUS_MOVE = YES;
				CLANG_WARN_UNGUARDED_AVAILABILITY = YES_AGGRESSIVE;
				CLANG_WARN_UNREACHABLE_CODE = YES;
				CLANG_WARN__DUPLICATE_METHOD_MATCH = YES;
				CODE_SIGN_IDENTITY = "iPhone Developer";
				COPY_PHASE_STRIP = NO;
				DEBUG_INFORMATION_FORMAT = "dwarf-with-dsym";
				ENABLE_NS_ASSERTIONS = NO;
				ENABLE_STRICT_OBJC_MSGSEND = YES;
				GCC_C_LANGUAGE_STANDARD = gnu11;
				GCC_NO_COMMON_BLOCKS = YES;
				GCC_WARN_64_TO_32_BIT_CONVERSION = YES;
				GCC_WARN_ABOUT_RETURN_TYPE = YES_ERROR;
				GCC_WARN_UNDECLARED_SELECTOR = YES;
				GCC_WARN_UNINITIALIZED_AUTOS = YES_AGGRESSIVE;
				GCC_WARN_UNUSED_FUNCTION = YES;
				GCC_WARN_UNUSED_VARIABLE = YES;
				IPHONEOS_DEPLOYMENT_TARGET = 12.0;
				MTL_ENABLE_DEBUG_INFO = NO;
				MTL_FAST_MATH = YES;
				SDKROOT = iphoneos;
				SWIFT_COMPILATION_MODE = wholemodule;
				SWIFT_OPTIMIZATION_LEVEL = "-O";
				VALIDATE_PRODUCT = YES;
			};
			name = Release;
		};
		A751EA50222E7E9100ED052B /* Debug */ = {
			isa = XCBuildConfiguration;
			buildSettings = {
				ASSETCATALOG_COMPILER_APPICON_NAME = AppIcon;
				CODE_SIGN_STYLE = Automatic;
				INFOPLIST_FILE = "Take Notes/Info.plist";
				LD_RUNPATH_SEARCH_PATHS = (
					"$(inherited)",
					"@executable_path/Frameworks",
				);
				PRODUCT_BUNDLE_IDENTIFIER = "com.peter.Take-Notes";
				PRODUCT_NAME = "$(TARGET_NAME)";
				SWIFT_VERSION = 4.2;
				TARGETED_DEVICE_FAMILY = "1,2";
			};
			name = Debug;
		};
		A751EA51222E7E9100ED052B /* Release */ = {
			isa = XCBuildConfiguration;
			buildSettings = {
				ASSETCATALOG_COMPILER_APPICON_NAME = AppIcon;
				CODE_SIGN_STYLE = Automatic;
				INFOPLIST_FILE = "Take Notes/Info.plist";
				LD_RUNPATH_SEARCH_PATHS = (
					"$(inherited)",
					"@executable_path/Frameworks",
				);
				PRODUCT_BUNDLE_IDENTIFIER = "com.peter.Take-Notes";
				PRODUCT_NAME = "$(TARGET_NAME)";
				SWIFT_VERSION = 4.2;
				TARGETED_DEVICE_FAMILY = "1,2";
			};
			name = Release;
		};
/* End XCBuildConfiguration section */

/* Begin XCConfigurationList section */
		A751EA35222E7E8800ED052B /* Build configuration list for PBXProject "Take Notes" */ = {
			isa = XCConfigurationList;
			buildConfigurations = (
				A751EA4D222E7E9100ED052B /* Debug */,
				A751EA4E222E7E9100ED052B /* Release */,
			);
			defaultConfigurationIsVisible = 0;
			defaultConfigurationName = Release;
		};
		A751EA4F222E7E9100ED052B /* Build configuration list for PBXNativeTarget "Take Notes" */ = {
			isa = XCConfigurationList;
			buildConfigurations = (
				A751EA50222E7E9100ED052B /* Debug */,
				A751EA51222E7E9100ED052B /* Release */,
			);
			defaultConfigurationIsVisible = 0;
			defaultConfigurationName = Release;
		};
/* End XCConfigurationList section */

/* Begin XCVersionGroup section */
		A751EA44222E7E8800ED052B /* Take_Notes.xcdatamodeld */ = {
			isa = XCVersionGroup;
			children = (
				A751EA45222E7E8800ED052B /* Take_Notes.xcdatamodel */,
			);
			currentVersion = A751EA45222E7E8800ED052B /* Take_Notes.xcdatamodel */;
			path = Take_Notes.xcdatamodeld;
			sourceTree = "<group>";
			versionGroupType = wrapper.xcdatamodel;
		};
/* End XCVersionGroup section */
	};
	rootObject = A751EA32222E7E8800ED052B /* Project object */;
}
